
Microsoft Visual Studio Solution File, Format Version 12.00
# Visual Studio Version 17
VisualStudioVersion = 17.1.32328.378
MinimumVisualStudioVersion = 10.0.40219.1
Project("{FAE04EC0-301F-11D3-BF4B-00C04F79EFBC}") = "assignment5", "assignment5\assignment5.csproj", "{29124059-6742-4E17-BF65-E127D95B9617}"
EndProject
Global
	GlobalSection(SolutionConfigurationPlatforms) = preSolution
		Debug|Any CPU = Debug|Any CPU
		Release|Any CPU = Release|Any CPU
	EndGlobalSection
	GlobalSection(ProjectConfigurationPlatforms) = postSolution
		{29124059-6742-4E17-BF65-E127D95B9617}.Debug|Any CPU.ActiveCfg = Debug|Any CPU
		{29124059-6742-4E17-BF65-E127D95B9617}.Debug|Any CPU.Build.0 = Debug|Any CPU
		{29124059-6742-4E17-BF65-E127D95B9617}.Release|Any CPU.ActiveCfg = Release|Any CPU
		{29124059-6742-4E17-BF65-E127D95B9617}.Release|Any CPU.Build.0 = Release|Any CPU
	EndGlobalSection
	GlobalSection(SolutionProperties) = preSolution
		HideSolutionNode = FALSE
	EndGlobalSection
	GlobalSection(ExtensibilityGlobals) = postSolution
		SolutionGuid = {9C150DB0-0F9A-491B-A54B-D5FE544475F2}
	EndGlobalSection
EndGlobal
