

Microsoft Visual Studio Solution File, Format Version 12.00
# Visual Studio Version 17
VisualStudioVersion = 17.1.32328.378
MinimumVisualStudioVersion = 10.0.40219.1
Project("{FAE04EC0-301F-11D3-BF4B-00C04F79EFBC}") = "project1", "project1\project1.csproj", "{B47E777D-EDE7-41B0-82D8-9015B3BBBC73}"
EndProject
Project("{FAE04EC0-301F-11D3-BF4B-00C04F79EFBC}") = "project2", "project2\project2.csproj", "{6EB4FAF6-CCEC-4158-BED1-A878616C5075}"
EndProject
Global
	GlobalSection(SolutionConfigurationPlatforms) = preSolution
		Debug|Any CPU = Debug|Any CPU
		Release|Any CPU = Release|Any CPU
	EndGlobalSection
	GlobalSection(ProjectConfigurationPlatforms) = postSolution
		{B47E777D-EDE7-41B0-82D8-9015B3BBBC73}.Debug|Any CPU.ActiveCfg = Debug|Any CPU
		{B47E777D-EDE7-41B0-82D8-9015B3BBBC73}.Debug|Any CPU.Build.0 = Debug|Any CPU
		{B47E777D-EDE7-41B0-82D8-9015B3BBBC73}.Release|Any CPU.ActiveCfg = Release|Any CPU
		{B47E777D-EDE7-41B0-82D8-9015B3BBBC73}.Release|Any CPU.Build.0 = Release|Any CPU
		{6EB4FAF6-CCEC-4158-BED1-A878616C5075}.Debug|Any CPU.ActiveCfg = Debug|Any CPU
		{6EB4FAF6-CCEC-4158-BED1-A878616C5075}.Debug|Any CPU.Build.0 = Debug|Any CPU
		{6EB4FAF6-CCEC-4158-BED1-A878616C5075}.Release|Any CPU.ActiveCfg = Release|Any CPU
		{6EB4FAF6-CCEC-4158-BED1-A878616C5075}.Release|Any CPU.Build.0 = Release|Any CPU
	EndGlobalSection
	GlobalSection(SolutionProperties) = preSolution
		HideSolutionNode = FALSE
	EndGlobalSection
	GlobalSection(ExtensibilityGlobals) = postSolution
		SolutionGuid = {06825D1A-4133-4A9D-9310-9B91871FADA2}
	EndGlobalSection
EndGlobal
